
Microsoft Visual Studio Solution File, Format Version 12.00
# Visual Studio Version 17
VisualStudioVersion = 17.6.33829.357
MinimumVisualStudioVersion = 10.0.40219.1
Project("{FAE04EC0-301F-11D3-BF4B-00C04F79EFBC}") = "TesteParadigma", "TesteParadigma.csproj", "{0764A081-0402-49C8-9F4F-04851000086A}"
EndProject
Global
	GlobalSection(SolutionConfigurationPlatforms) = preSolution
		Debug|Any CPU = Debug|Any CPU
		Release|Any CPU = Release|Any CPU
	EndGlobalSection
	GlobalSection(ProjectConfigurationPlatforms) = postSolution
		{0764A081-0402-49C8-9F4F-04851000086A}.Debug|Any CPU.ActiveCfg = Debug|Any CPU
		{0764A081-0402-49C8-9F4F-04851000086A}.Debug|Any CPU.Build.0 = Debug|Any CPU
		{0764A081-0402-49C8-9F4F-04851000086A}.Release|Any CPU.ActiveCfg = Release|Any CPU
		{0764A081-0402-49C8-9F4F-04851000086A}.Release|Any CPU.Build.0 = Release|Any CPU
	EndGlobalSection
	GlobalSection(SolutionProperties) = preSolution
		HideSolutionNode = FALSE
	EndGlobalSection
	GlobalSection(ExtensibilityGlobals) = postSolution
		SolutionGuid = {087C16E2-A7BC-4C3D-B464-0F8DCC8FEB6F}
	EndGlobalSection
EndGlobal
